
Microsoft Visual Studio Solution File, Format Version 12.00
# Visual Studio Version 17
VisualStudioVersion = 17.5.002.0
MinimumVisualStudioVersion = 10.0.40219.1
Project("{9A19103F-16F7-4668-BE54-9A1E7A4F7556}") = "PIM IV", "PIM IV.csproj", "{46B05712-AACF-4CB7-A966-268BB26C4C51}"
EndProject
Global
	GlobalSection(SolutionConfigurationPlatforms) = preSolution
		Debug|Any CPU = Debug|Any CPU
		Release|Any CPU = Release|Any CPU
	EndGlobalSection
	GlobalSection(ProjectConfigurationPlatforms) = postSolution
		{46B05712-AACF-4CB7-A966-268BB26C4C51}.Debug|Any CPU.ActiveCfg = Debug|Any CPU
		{46B05712-AACF-4CB7-A966-268BB26C4C51}.Debug|Any CPU.Build.0 = Debug|Any CPU
		{46B05712-AACF-4CB7-A966-268BB26C4C51}.Release|Any CPU.ActiveCfg = Release|Any CPU
		{46B05712-AACF-4CB7-A966-268BB26C4C51}.Release|Any CPU.Build.0 = Release|Any CPU
	EndGlobalSection
	GlobalSection(SolutionProperties) = preSolution
		HideSolutionNode = FALSE
	EndGlobalSection
	GlobalSection(ExtensibilityGlobals) = postSolution
		SolutionGuid = {C9F391E4-BFF8-4B4E-B2D0-30FF65F82EE0}
	EndGlobalSection
EndGlobal
